
Microsoft Visual Studio Solution File, Format Version 12.00
# Visual Studio Version 17
VisualStudioVersion = 17.2.32616.157
MinimumVisualStudioVersion = 10.0.40219.1
Project("{FAE04EC0-301F-11D3-BF4B-00C04F79EFBC}") = "mc", "mc\mc.csproj", "{EAA44A90-3569-4C27-AC0C-D8EE558413F2}"
EndProject
Global
	GlobalSection(SolutionConfigurationPlatforms) = preSolution
		Debug|Any CPU = Debug|Any CPU
		Release|Any CPU = Release|Any CPU
	EndGlobalSection
	GlobalSection(ProjectConfigurationPlatforms) = postSolution
		{D5CCFA60-661D-4C08-A910-1FCF8837D543}.Debug|Any CPU.ActiveCfg = Debug|Any CPU
		{D5CCFA60-661D-4C08-A910-1FCF8837D543}.Debug|Any CPU.Build.0 = Debug|Any CPU
		{D5CCFA60-661D-4C08-A910-1FCF8837D543}.Release|Any CPU.ActiveCfg = Release|Any CPU
		{D5CCFA60-661D-4C08-A910-1FCF8837D543}.Release|Any CPU.Build.0 = Release|Any CPU
		{EAA44A90-3569-4C27-AC0C-D8EE558413F2}.Debug|Any CPU.ActiveCfg = Debug|Any CPU
		{EAA44A90-3569-4C27-AC0C-D8EE558413F2}.Debug|Any CPU.Build.0 = Debug|Any CPU
		{EAA44A90-3569-4C27-AC0C-D8EE558413F2}.Release|Any CPU.ActiveCfg = Release|Any CPU
		{EAA44A90-3569-4C27-AC0C-D8EE558413F2}.Release|Any CPU.Build.0 = Release|Any CPU
	EndGlobalSection
	GlobalSection(SolutionProperties) = preSolution
		HideSolutionNode = FALSE
	EndGlobalSection
	GlobalSection(ExtensibilityGlobals) = postSolution
		SolutionGuid = {5C1C3EF7-8469-4E96-A4A2-F9A36653FE64}
	EndGlobalSection
EndGlobal
